
Microsoft Visual Studio Solution File, Format Version 12.00
# Visual Studio Version 16
VisualStudioVersion = 16.0.29926.136
MinimumVisualStudioVersion = 10.0.40219.1
Project("{8BC9CEB8-8B4A-11D0-8D11-00A0C91BC942}") = "data-structures", "data-structures.vcxproj", "{2E8C8D17-B436-4AEB-B080-9F7015EAEADA}"
EndProject
Global
	GlobalSection(SolutionConfigurationPlatforms) = preSolution
		Debug|x64 = Debug|x64
		Debug|x86 = Debug|x86
		Release|x64 = Release|x64
		Release|x86 = Release|x86
	EndGlobalSection
	GlobalSection(ProjectConfigurationPlatforms) = postSolution
		{2E8C8D17-B436-4AEB-B080-9F7015EAEADA}.Debug|x64.ActiveCfg = Debug|x64
		{2E8C8D17-B436-4AEB-B080-9F7015EAEADA}.Debug|x64.Build.0 = Debug|x64
		{2E8C8D17-B436-4AEB-B080-9F7015EAEADA}.Debug|x86.ActiveCfg = Debug|Win32
		{2E8C8D17-B436-4AEB-B080-9F7015EAEADA}.Debug|x86.Build.0 = Debug|Win32
		{2E8C8D17-B436-4AEB-B080-9F7015EAEADA}.Release|x64.ActiveCfg = Release|x64
		{2E8C8D17-B436-4AEB-B080-9F7015EAEADA}.Release|x64.Build.0 = Release|x64
		{2E8C8D17-B436-4AEB-B080-9F7015EAEADA}.Release|x86.ActiveCfg = Release|Win32
		{2E8C8D17-B436-4AEB-B080-9F7015EAEADA}.Release|x86.Build.0 = Release|Win32
	EndGlobalSection
	GlobalSection(SolutionProperties) = preSolution
		HideSolutionNode = FALSE
	EndGlobalSection
	GlobalSection(ExtensibilityGlobals) = postSolution
		SolutionGuid = {FE4BCF5E-38D3-48FD-A6E3-08A63D70B6B8}
	EndGlobalSection
EndGlobal
